
Microsoft Visual Studio Solution File, Format Version 12.00
# Visual Studio Version 17
VisualStudioVersion = 17.2.32505.173
MinimumVisualStudioVersion = 10.0.40219.1
Project("{FAE04EC0-301F-11D3-BF4B-00C04F79EFBC}") = "Finances manage app", "Finances manage app\Finances manage app.csproj", "{D18F2B76-056E-4FD7-95DD-947E1EE9D238}"
EndProject
Global
	GlobalSection(SolutionConfigurationPlatforms) = preSolution
		Debug|Any CPU = Debug|Any CPU
		Release|Any CPU = Release|Any CPU
	EndGlobalSection
	GlobalSection(ProjectConfigurationPlatforms) = postSolution
		{D18F2B76-056E-4FD7-95DD-947E1EE9D238}.Debug|Any CPU.ActiveCfg = Debug|Any CPU
		{D18F2B76-056E-4FD7-95DD-947E1EE9D238}.Debug|Any CPU.Build.0 = Debug|Any CPU
		{D18F2B76-056E-4FD7-95DD-947E1EE9D238}.Release|Any CPU.ActiveCfg = Release|Any CPU
		{D18F2B76-056E-4FD7-95DD-947E1EE9D238}.Release|Any CPU.Build.0 = Release|Any CPU
	EndGlobalSection
	GlobalSection(SolutionProperties) = preSolution
		HideSolutionNode = FALSE
	EndGlobalSection
	GlobalSection(ExtensibilityGlobals) = postSolution
		SolutionGuid = {CAE75E56-3D6D-435E-ABB1-2DD0FF5267D4}
	EndGlobalSection
EndGlobal
